// !$*UTF8*$!
{
	archiveVersion = 1;
	classes = {
	};
	objectVersion = 55;
	objects = {

/* Begin PBXBuildFile section */
		FA3AA964268FA4BA00733BAF /* IosAppApp.swift in Sources */ = {isa = PBXBuildFile; fileRef = FA3AA963268FA4BA00733BAF /* IosAppApp.swift */; };
		FA3AA966268FA4BA00733BAF /* ContentView.swift in Sources */ = {isa = PBXBuildFile; fileRef = FA3AA965268FA4BA00733BAF /* ContentView.swift */; };
		FA3AA968268FA4C000733BAF /* Assets.xcassets in Resources */ = {isa = PBXBuildFile; fileRef = FA3AA967268FA4C000733BAF /* Assets.xcassets */; };
		FA3AA96B268FA4C000733BAF /* Preview Assets.xcassets in Resources */ = {isa = PBXBuildFile; fileRef = FA3AA96A268FA4C000733BAF /* Preview Assets.xcassets */; };
		FA3AA975268FA4C100733BAF /* IosAppTests.swift in Sources */ = {isa = PBXBuildFile; fileRef = FA3AA974268FA4C100733BAF /* IosAppTests.swift */; };
		FA3AA97F268FA4C100733BAF /* IosAppUITests.swift in Sources */ = {isa = PBXBuildFile; fileRef = FA3AA97E268FA4C100733BAF /* IosAppUITests.swift */; };
/* End PBXBuildFile section */

/* Begin PBXContainerItemProxy section */
		FA3AA971268FA4C100733BAF /* PBXContainerItemProxy */ = {
			isa = PBXContainerItemProxy;
			containerPortal = FA3AA958268FA4BA00733BAF /* Project object */;
			proxyType = 1;
			remoteGlobalIDString = FA3AA95F268FA4BA00733BAF;
			remoteInfo = IosApp;
		};
		FA3AA97B268FA4C100733BAF /* PBXContainerItemProxy */ = {
			isa = PBXContainerItemProxy;
			containerPortal = FA3AA958268FA4BA00733BAF /* Project object */;
			proxyType = 1;
			remoteGlobalIDString = FA3AA95F268FA4BA00733BAF;
			remoteInfo = IosApp;
		};
/* End PBXContainerItemProxy section */

/* Begin PBXFileReference section */
		FA3AA960268FA4BA00733BAF /* IosApp.app */ = {isa = PBXFileReference; explicitFileType = wrapper.application; includeInIndex = 0; path = IosApp.app; sourceTree = BUILT_PRODUCTS_DIR; };
		FA3AA963268FA4BA00733BAF /* IosAppApp.swift */ = {isa = PBXFileReference; lastKnownFileType = sourcecode.swift; path = IosAppApp.swift; sourceTree = "<group>"; };
		FA3AA965268FA4BA00733BAF /* ContentView.swift */ = {isa = PBXFileReference; lastKnownFileType = sourcecode.swift; path = ContentView.swift; sourceTree = "<group>"; };
		FA3AA967268FA4C000733BAF /* Assets.xcassets */ = {isa = PBXFileReference; lastKnownFileType = folder.assetcatalog; path = Assets.xcassets; sourceTree = "<group>"; };
		FA3AA96A268FA4C000733BAF /* Preview Assets.xcassets */ = {isa = PBXFileReference; lastKnownFileType = folder.assetcatalog; path = "Preview Assets.xcassets"; sourceTree = "<group>"; };
		FA3AA970268FA4C100733BAF /* IosAppTests.xctest */ = {isa = PBXFileReference; explicitFileType = wrapper.cfbundle; includeInIndex = 0; path = IosAppTests.xctest; sourceTree = BUILT_PRODUCTS_DIR; };
		FA3AA974268FA4C100733BAF /* IosAppTests.swift */ = {isa = PBXFileReference; lastKnownFileType = sourcecode.swift; path = IosAppTests.swift; sourceTree = "<group>"; };
		FA3AA97A268FA4C100733BAF /* IosAppUITests.xctest */ = {isa = PBXFileReference; explicitFileType = wrapper.cfbundle; includeInIndex = 0; path = IosAppUITests.xctest; sourceTree = BUILT_PRODUCTS_DIR; };
		FA3AA97E268FA4C100733BAF /* IosAppUITests.swift */ = {isa = PBXFileReference; lastKnownFileType = sourcecode.swift; path = IosAppUITests.swift; sourceTree = "<group>"; };
/* End PBXFileReference section */

/* Begin PBXFrameworksBuildPhase section */
		FA3AA95D268FA4BA00733BAF /* Frameworks */ = {
			isa = PBXFrameworksBuildPhase;
			buildActionMask = 2147483647;
			files = (
			);
			runOnlyForDeploymentPostprocessing = 0;
		};
		FA3AA96D268FA4C100733BAF /* Frameworks */ = {
			isa = PBXFrameworksBuildPhase;
			buildActionMask = 2147483647;
			files = (
			);
			runOnlyForDeploymentPostprocessing = 0;
		};
		FA3AA977268FA4C100733BAF /* Frameworks */ = {
			isa = PBXFrameworksBuildPhase;
			buildActionMask = 2147483647;
			files = (
			);
			runOnlyForDeploymentPostprocessing = 0;
		};
/* End PBXFrameworksBuildPhase section */

/* Begin PBXGroup section */
		FA3AA957268FA4BA00733BAF = {
			isa = PBXGroup;
			children = (
				FA3AA962268FA4BA00733BAF /* IosApp */,
				FA3AA973268FA4C100733BAF /* IosAppTests */,
				FA3AA97D268FA4C100733BAF /* IosAppUITests */,
				FA3AA961268FA4BA00733BAF /* Products */,
			);
			sourceTree = "<group>";
		};
		FA3AA961268FA4BA00733BAF /* Products */ = {
			isa = PBXGroup;
			children = (
				FA3AA960268FA4BA00733BAF /* IosApp.app */,
				FA3AA970268FA4C100733BAF /* IosAppTests.xctest */,
				FA3AA97A268FA4C100733BAF /* IosAppUITests.xctest */,
			);
			name = Products;
			sourceTree = "<group>";
		};
		FA3AA962268FA4BA00733BAF /* IosApp */ = {
			isa = PBXGroup;
			children = (
				FA3AA963268FA4BA00733BAF /* IosAppApp.swift */,
				FA3AA965268FA4BA00733BAF /* ContentView.swift */,
				FA3AA967268FA4C000733BAF /* Assets.xcassets */,
				FA3AA969268FA4C000733BAF /* Preview Content */,
			);
			path = IosApp;
			sourceTree = "<group>";
		};
		FA3AA969268FA4C000733BAF /* Preview Content */ = {
			isa = PBXGroup;
			children = (
				FA3AA96A268FA4C000733BAF /* Preview Assets.xcassets */,
			);
			path = "Preview Content";
			sourceTree = "<group>";
		};
		FA3AA973268FA4C100733BAF /* IosAppTests */ = {
			isa = PBXGroup;
			children = (
				FA3AA974268FA4C100733BAF /* IosAppTests.swift */,
			);
			path = IosAppTests;
			sourceTree = "<group>";
		};
		FA3AA97D268FA4C100733BAF /* IosAppUITests */ = {
			isa = PBXGroup;
			children = (
				FA3AA97E268FA4C100733BAF /* IosAppUITests.swift */,
			);
			path = IosAppUITests;
			sourceTree = "<group>";
		};
/* End PBXGroup section */

/* Begin PBXNativeTarget section */
		FA3AA95F268FA4BA00733BAF /* IosApp */ = {
			isa = PBXNativeTarget;
			buildConfigurationList = FA3AA982268FA4C100733BAF /* Build configuration list for PBXNativeTarget "IosApp" */;
			buildPhases = (
				FA3AA95C268FA4BA00733BAF /* Sources */,
				FA3AA95D268FA4BA00733BAF /* Frameworks */,
				FA3AA95E268FA4BA00733BAF /* Resources */,
			);
			buildRules = (
			);
			dependencies = (
			);
			name = IosApp;
			productName = IosApp;
			productReference = FA3AA960268FA4BA00733BAF /* IosApp.app */;
			productType = "com.apple.product-type.application";
		};
		FA3AA96F268FA4C100733BAF /* IosAppTests */ = {
			isa = PBXNativeTarget;
			buildConfigurationList = FA3AA985268FA4C100733BAF /* Build configuration list for PBXNativeTarget "IosAppTests" */;
			buildPhases = (
				FA3AA96C268FA4C100733BAF /* Sources */,
				FA3AA96D268FA4C100733BAF /* Frameworks */,
				FA3AA96E268FA4C100733BAF /* Resources */,
			);
			buildRules = (
			);
			dependencies = (
				FA3AA972268FA4C100733BAF /* PBXTargetDependency */,
			);
			name = IosAppTests;
			productName = IosAppTests;
			productReference = FA3AA970268FA4C100733BAF /* IosAppTests.xctest */;
			productType = "com.apple.product-type.bundle.unit-test";
		};
		FA3AA979268FA4C100733BAF /* IosAppUITests */ = {
			isa = PBXNativeTarget;
			buildConfigurationList = FA3AA988268FA4C100733BAF /* Build configuration list for PBXNativeTarget "IosAppUITests" */;
			buildPhases = (
				FA3AA976268FA4C100733BAF /* Sources */,
				FA3AA977268FA4C100733BAF /* Frameworks */,
				FA3AA978268FA4C100733BAF /* Resources */,
			);
			buildRules = (
			);
			dependencies = (
				FA3AA97C268FA4C100733BAF /* PBXTargetDependency */,
			);
			name = IosAppUITests;
			productName = IosAppUITests;
			productReference = FA3AA97A268FA4C100733BAF /* IosAppUITests.xctest */;
			productType = "com.apple.product-type.bundle.ui-testing";
		};
/* End PBXNativeTarget section */

/* Begin PBXProject section */
		FA3AA958268FA4BA00733BAF /* Project object */ = {
			isa = PBXProject;
			attributes = {
				BuildIndependentTargetsInParallel = 1;
				LastSwiftUpdateCheck = 1300;
				LastUpgradeCheck = 1300;
				TargetAttributes = {
					FA3AA95F268FA4BA00733BAF = {
						CreatedOnToolsVersion = 13.0;
					};
					FA3AA96F268FA4C100733BAF = {
						CreatedOnToolsVersion = 13.0;
						TestTargetID = FA3AA95F268FA4BA00733BAF;
					};
					FA3AA979268FA4C100733BAF = {
						CreatedOnToolsVersion = 13.0;
						TestTargetID = FA3AA95F268FA4BA00733BAF;
					};
				};
			};
			buildConfigurationList = FA3AA95B268FA4BA00733BAF /* Build configuration list for PBXProject "IosApp" */;
			compatibilityVersion = "Xcode 13.0";
			developmentRegion = en;
			hasScannedForEncodings = 0;
			knownRegions = (
				en,
				Base,
			);
			mainGroup = FA3AA957268FA4BA00733BAF;
			productRefGroup = FA3AA961268FA4BA00733BAF /* Products */;
			projectDirPath = "";
			projectRoot = "";
			targets = (
				FA3AA95F268FA4BA00733BAF /* IosApp */,
				FA3AA96F268FA4C100733BAF /* IosAppTests */,
				FA3AA979268FA4C100733BAF /* IosAppUITests */,
			);
		};
/* End PBXProject section */

/* Begin PBXResourcesBuildPhase section */
		FA3AA95E268FA4BA00733BAF /* Resources */ = {
			isa = PBXResourcesBuildPhase;
			buildActionMask = 2147483647;
			files = (
				FA3AA96B268FA4C000733BAF /* Preview Assets.xcassets in Resources */,
				FA3AA968268FA4C000733BAF /* Assets.xcassets in Resources */,
			);
			runOnlyForDeploymentPostprocessing = 0;
		};
		FA3AA96E268FA4C100733BAF /* Resources */ = {
			isa = PBXResourcesBuildPhase;
			buildActionMask = 2147483647;
			files = (
			);
			runOnlyForDeploymentPostprocessing = 0;
		};
		FA3AA978268FA4C100733BAF /* Resources */ = {
			isa = PBXResourcesBuildPhase;
			buildActionMask = 2147483647;
			files = (
			);
			runOnlyForDeploymentPostprocessing = 0;
		};
/* End PBXResourcesBuildPhase section */

/* Begin PBXSourcesBuildPhase section */
		FA3AA95C268FA4BA00733BAF /* Sources */ = {
			isa = PBXSourcesBuildPhase;
			buildActionMask = 2147483647;
			files = (
				FA3AA966268FA4BA00733BAF /* ContentView.swift in Sources */,
				FA3AA964268FA4BA00733BAF /* IosAppApp.swift in Sources */,
			);
			runOnlyForDeploymentPostprocessing = 0;
		};
		FA3AA96C268FA4C100733BAF /* Sources */ = {
			isa = PBXSourcesBuildPhase;
			buildActionMask = 2147483647;
			files = (
				FA3AA975268FA4C100733BAF /* IosAppTests.swift in Sources */,
			);
			runOnlyForDeploymentPostprocessing = 0;
		};
		FA3AA976268FA4C100733BAF /* Sources */ = {
			isa = PBXSourcesBuildPhase;
			buildActionMask = 2147483647;
			files = (
				FA3AA97F268FA4C100733BAF /* IosAppUITests.swift in Sources */,
			);
			runOnlyForDeploymentPostprocessing = 0;
		};
/* End PBXSourcesBuildPhase section */

/* Begin PBXTargetDependency section */
		FA3AA972268FA4C100733BAF /* PBXTargetDependency */ = {
			isa = PBXTargetDependency;
			target = FA3AA95F268FA4BA00733BAF /* IosApp */;
			targetProxy = FA3AA971268FA4C100733BAF /* PBXContainerItemProxy */;
		};
		FA3AA97C268FA4C100733BAF /* PBXTargetDependency */ = {
			isa = PBXTargetDependency;
			target = FA3AA95F268FA4BA00733BAF /* IosApp */;
			targetProxy = FA3AA97B268FA4C100733BAF /* PBXContainerItemProxy */;
		};
/* End PBXTargetDependency section */

/* Begin XCBuildConfiguration section */
		FA3AA980268FA4C100733BAF /* Debug */ = {
			isa = XCBuildConfiguration;
			buildSettings = {
				ALWAYS_SEARCH_USER_PATHS = NO;
				CLANG_ANALYZER_NONNULL = YES;
				CLANG_ANALYZER_NUMBER_OBJECT_CONVERSION = YES_AGGRESSIVE;
				CLANG_CXX_LANGUAGE_STANDARD = "gnu++14";
				CLANG_CXX_LIBRARY = "libc++";
				CLANG_ENABLE_MODULES = YES;
				CLANG_ENABLE_OBJC_ARC = YES;
				CLANG_ENABLE_OBJC_WEAK = YES;
				CLANG_WARN_BLOCK_CAPTURE_AUTORELEASING = YES;
				CLANG_WARN_BOOL_CONVERSION = YES;
				CLANG_WARN_COMMA = YES;
				CLANG_WARN_CONSTANT_CONVERSION = YES;
				CLANG_WARN_DEPRECATED_OBJC_IMPLEMENTATIONS = YES;
				CLANG_WARN_DIRECT_OBJC_ISA_USAGE = YES_ERROR;
				CLANG_WARN_DOCUMENTATION_COMMENTS = YES;
				CLANG_WARN_EMPTY_BODY = YES;
				CLANG_WARN_ENUM_CONVERSION = YES;
				CLANG_WARN_INFINITE_RECURSION = YES;
				CLANG_WARN_INT_CONVERSION = YES;
				CLANG_WARN_NON_LITERAL_NULL_CONVERSION = YES;
				CLANG_WARN_OBJC_IMPLICIT_RETAIN_SELF = YES;
				CLANG_WARN_OBJC_LITERAL_CONVERSION = YES;
				CLANG_WARN_OBJC_ROOT_CLASS = YES_ERROR;
				CLANG_WARN_QUOTED_INCLUDE_IN_FRAMEWORK_HEADER = YES;
				CLANG_WARN_RANGE_LOOP_ANALYSIS = YES;
				CLANG_WARN_STRICT_PROTOTYPES = YES;
				CLANG_WARN_SUSPICIOUS_MOVE = YES;
				CLANG_WARN_UNGUARDED_AVAILABILITY = YES_AGGRESSIVE;
				CLANG_WARN_UNREACHABLE_CODE = YES;
				CLANG_WARN__DUPLICATE_METHOD_MATCH = YES;
				COPY_PHASE_STRIP = NO;
				DEBUG_INFORMATION_FORMAT = dwarf;
				ENABLE_STRICT_OBJC_MSGSEND = YES;
				ENABLE_TESTABILITY = YES;
				GCC_C_LANGUAGE_STANDARD = gnu11;
				GCC_DYNAMIC_NO_PIC = NO;
				GCC_NO_COMMON_BLOCKS = YES;
				GCC_OPTIMIZATION_LEVEL = 0;
				GCC_PREPROCESSOR_DEFINITIONS = (
					"DEBUG=1",
					"$(inherited)",
				);
				GCC_WARN_64_TO_32_BIT_CONVERSION = YES;
				GCC_WARN_ABOUT_RETURN_TYPE = YES_ERROR;
				GCC_WARN_UNDECLARED_SELECTOR = YES;
				GCC_WARN_UNINITIALIZED_AUTOS = YES_AGGRESSIVE;
				GCC_WARN_UNUSED_FUNCTION = YES;
				GCC_WARN_UNUSED_VARIABLE = YES;
				IPHONEOS_DEPLOYMENT_TARGET = 15.0;
				MTL_ENABLE_DEBUG_INFO = INCLUDE_SOURCE;
				MTL_FAST_MATH = YES;
				ONLY_ACTIVE_ARCH = YES;
				SDKROOT = iphoneos;
				SWIFT_ACTIVE_COMPILATION_CONDITIONS = DEBUG;
				SWIFT_OPTIMIZATION_LEVEL = "-Onone";
			};
			name = Debug;
		};
		FA3AA981268FA4C100733BAF /* Release */ = {
			isa = XCBuildConfiguration;
			buildSettings = {
				ALWAYS_SEARCH_USER_PATHS = NO;
				CLANG_ANALYZER_NONNULL = YES;
				CLANG_ANALYZER_NUMBER_OBJECT_CONVERSION = YES_AGGRESSIVE;
				CLANG_CXX_LANGUAGE_STANDARD = "gnu++14";
				CLANG_CXX_LIBRARY = "libc++";
				CLANG_ENABLE_MODULES = YES;
				CLANG_ENABLE_OBJC_ARC = YES;
				CLANG_ENABLE_OBJC_WEAK = YES;
				CLANG_WARN_BLOCK_CAPTURE_AUTORELEASING = YES;
				CLANG_WARN_BOOL_CONVERSION = YES;
				CLANG_WARN_COMMA = YES;
				CLANG_WARN_CONSTANT_CONVERSION = YES;
				CLANG_WARN_DEPRECATED_OBJC_IMPLEMENTATIONS = YES;
				CLANG_WARN_DIRECT_OBJC_ISA_USAGE = YES_ERROR;
				CLANG_WARN_DOCUMENTATION_COMMENTS = YES;
				CLANG_WARN_EMPTY_BODY = YES;
				CLANG_WARN_ENUM_CONVERSION = YES;
				CLANG_WARN_INFINITE_RECURSION = YES;
				CLANG_WARN_INT_CONVERSION = YES;
				CLANG_WARN_NON_LITERAL_NULL_CONVERSION = YES;
				CLANG_WARN_OBJC_IMPLICIT_RETAIN_SELF = YES;
				CLANG_WARN_OBJC_LITERAL_CONVERSION = YES;
				CLANG_WARN_OBJC_ROOT_CLASS = YES_ERROR;
				CLANG_WARN_QUOTED_INCLUDE_IN_FRAMEWORK_HEADER = YES;
				CLANG_WARN_RANGE_LOOP_ANALYSIS = YES;
				CLANG_WARN_STRICT_PROTOTYPES = YES;
				CLANG_WARN_SUSPICIOUS_MOVE = YES;
				CLANG_WARN_UNGUARDED_AVAILABILITY = YES_AGGRESSIVE;
				CLANG_WARN_UNREACHABLE_CODE = YES;
				CLANG_WARN__DUPLICATE_METHOD_MATCH = YES;
				COPY_PHASE_STRIP = NO;
				DEBUG_INFORMATION_FORMAT = "dwarf-with-dsym";
				ENABLE_NS_ASSERTIONS = NO;
				ENABLE_STRICT_OBJC_MSGSEND = YES;
				GCC_C_LANGUAGE_STANDARD = gnu11;
				GCC_NO_COMMON_BLOCKS = YES;
				GCC_WARN_64_TO_32_BIT_CONVERSION = YES;
				GCC_WARN_ABOUT_RETURN_TYPE = YES_ERROR;
				GCC_WARN_UNDECLARED_SELECTOR = YES;
				GCC_WARN_UNINITIALIZED_AUTOS = YES_AGGRESSIVE;
				GCC_WARN_UNUSED_FUNCTION = YES;
				GCC_WARN_UNUSED_VARIABLE = YES;
				IPHONEOS_DEPLOYMENT_TARGET = 15.0;
				MTL_ENABLE_DEBUG_INFO = NO;
				MTL_FAST_MATH = YES;
				SDKROOT = iphoneos;
				SWIFT_COMPILATION_MODE = wholemodule;
				SWIFT_OPTIMIZATION_LEVEL = "-O";
				VALIDATE_PRODUCT = YES;
			};
			name = Release;
		};
		FA3AA983268FA4C100733BAF /* Debug */ = {
			isa = XCBuildConfiguration;
			buildSettings = {
				ASSETCATALOG_COMPILER_APPICON_NAME = AppIcon;
				ASSETCATALOG_COMPILER_GLOBAL_ACCENT_COLOR_NAME = AccentColor;
				CODE_SIGN_STYLE = Automatic;
				CURRENT_PROJECT_VERSION = 1;
				DEVELOPMENT_ASSET_PATHS = "\"IosApp/Preview Content\"";
				DEVELOPMENT_TEAM = 3M4QJ8P9BX;
				ENABLE_PREVIEWS = YES;
				GENERATE_INFOPLIST_FILE = YES;
				INFOPLIST_KEY_UIApplicationSceneManifest_Generation = YES;
				INFOPLIST_KEY_UIApplicationSupportsIndirectInputEvents = YES;
				INFOPLIST_KEY_UILaunchScreen_Generation = YES;
				INFOPLIST_KEY_UISupportedInterfaceOrientations_iPad = "UIInterfaceOrientationPortrait UIInterfaceOrientationPortraitUpsideDown UIInterfaceOrientationLandscapeLeft UIInterfaceOrientationLandscapeRight";
				INFOPLIST_KEY_UISupportedInterfaceOrientations_iPhone = "UIInterfaceOrientationPortrait UIInterfaceOrientationLandscapeLeft UIInterfaceOrientationLandscapeRight";
				IPHONEOS_DEPLOYMENT_TARGET = 14.0;
				LD_RUNPATH_SEARCH_PATHS = (
					"$(inherited)",
					"@executable_path/Frameworks",
				);
				MARKETING_VERSION = 1.0;
				PRODUCT_BUNDLE_IDENTIFIER = com.gmvalentino.IosApp;
				PRODUCT_NAME = "$(TARGET_NAME)";
				SWIFT_EMIT_LOC_STRINGS = YES;
				SWIFT_VERSION = 5.0;
				TARGETED_DEVICE_FAMILY = "1,2";
			};
			name = Debug;
		};
		FA3AA984268FA4C100733BAF /* Release */ = {
			isa = XCBuildConfiguration;
			buildSettings = {
				ASSETCATALOG_COMPILER_APPICON_NAME = AppIcon;
				ASSETCATALOG_COMPILER_GLOBAL_ACCENT_COLOR_NAME = AccentColor;
				CODE_SIGN_STYLE = Automatic;
				CURRENT_PROJECT_VERSION = 1;
				DEVELOPMENT_ASSET_PATHS = "\"IosApp/Preview Content\"";
				DEVELOPMENT_TEAM = 3M4QJ8P9BX;
				ENABLE_PREVIEWS = YES;
				GENERATE_INFOPLIST_FILE = YES;
				INFOPLIST_KEY_UIApplicationSceneManifest_Generation = YES;
				INFOPLIST_KEY_UIApplicationSupportsIndirectInputEvents = YES;
				INFOPLIST_KEY_UILaunchScreen_Generation = YES;
				INFOPLIST_KEY_UISupportedInterfaceOrientations_iPad = "UIInterfaceOrientationPortrait UIInterfaceOrientationPortraitUpsideDown UIInterfaceOrientationLandscapeLeft UIInterfaceOrientationLandscapeRight";
				INFOPLIST_KEY_UISupportedInterfaceOrientations_iPhone = "UIInterfaceOrientationPortrait UIInterfaceOrientationLandscapeLeft UIInterfaceOrientationLandscapeRight";
				IPHONEOS_DEPLOYMENT_TARGET = 14.0;
				LD_RUNPATH_SEARCH_PATHS = (
					"$(inherited)",
					"@executable_path/Frameworks",
				);
				MARKETING_VERSION = 1.0;
				PRODUCT_BUNDLE_IDENTIFIER = com.gmvalentino.IosApp;
				PRODUCT_NAME = "$(TARGET_NAME)";
				SWIFT_EMIT_LOC_STRINGS = YES;
				SWIFT_VERSION = 5.0;
				TARGETED_DEVICE_FAMILY = "1,2";
			};
			name = Release;
		};
		FA3AA986268FA4C100733BAF /* Debug */ = {
			isa = XCBuildConfiguration;
			buildSettings = {
				ALWAYS_EMBED_SWIFT_STANDARD_LIBRARIES = YES;
				BUNDLE_LOADER = "$(TEST_HOST)";
				CODE_SIGN_STYLE = Automatic;
				CURRENT_PROJECT_VERSION = 1;
				DEVELOPMENT_TEAM = 3M4QJ8P9BX;
				GENERATE_INFOPLIST_FILE = YES;
				IPHONEOS_DEPLOYMENT_TARGET = 14.0;
				LD_RUNPATH_SEARCH_PATHS = (
					"$(inherited)",
					"@executable_path/Frameworks",
					"@loader_path/Frameworks",
				);
				MARKETING_VERSION = 1.0;
				PRODUCT_BUNDLE_IDENTIFIER = com.gmvalentino.IosAppTests;
				PRODUCT_NAME = "$(TARGET_NAME)";
				SWIFT_EMIT_LOC_STRINGS = NO;
				SWIFT_VERSION = 5.0;
				TARGETED_DEVICE_FAMILY = "1,2";
				TEST_HOST = "$(BUILT_PRODUCTS_DIR)/IosApp.app/IosApp";
			};
			name = Debug;
		};
		FA3AA987268FA4C100733BAF /* Release */ = {
			isa = XCBuildConfiguration;
			buildSettings = {
				ALWAYS_EMBED_SWIFT_STANDARD_LIBRARIES = YES;
				BUNDLE_LOADER = "$(TEST_HOST)";
				CODE_SIGN_STYLE = Automatic;
				CURRENT_PROJECT_VERSION = 1;
				DEVELOPMENT_TEAM = 3M4QJ8P9BX;
				GENERATE_INFOPLIST_FILE = YES;
				IPHONEOS_DEPLOYMENT_TARGET = 14.0;
				LD_RUNPATH_SEARCH_PATHS = (
					"$(inherited)",
					"@executable_path/Frameworks",
					"@loader_path/Frameworks",
				);
				MARKETING_VERSION = 1.0;
				PRODUCT_BUNDLE_IDENTIFIER = com.gmvalentino.IosAppTests;
				PRODUCT_NAME = "$(TARGET_NAME)";
				SWIFT_EMIT_LOC_STRINGS = NO;
				SWIFT_VERSION = 5.0;
				TARGETED_DEVICE_FAMILY = "1,2";
				TEST_HOST = "$(BUILT_PRODUCTS_DIR)/IosApp.app/IosApp";
			};
			name = Release;
		};
		FA3AA989268FA4C100733BAF /* Debug */ = {
			isa = XCBuildConfiguration;
			buildSettings = {
				ALWAYS_EMBED_SWIFT_STANDARD_LIBRARIES = YES;
				CODE_SIGN_STYLE = Automatic;
				CURRENT_PROJECT_VERSION = 1;
				DEVELOPMENT_TEAM = 3M4QJ8P9BX;
				GENERATE_INFOPLIST_FILE = YES;
				LD_RUNPATH_SEARCH_PATHS = (
					"$(inherited)",
					"@executable_path/Frameworks",
					"@loader_path/Frameworks",
				);
				MARKETING_VERSION = 1.0;
				PRODUCT_BUNDLE_IDENTIFIER = com.gmvalentino.IosAppUITests;
				PRODUCT_NAME = "$(TARGET_NAME)";
				SWIFT_EMIT_LOC_STRINGS = NO;
				SWIFT_VERSION = 5.0;
				TARGETED_DEVICE_FAMILY = "1,2";
				TEST_TARGET_NAME = IosApp;
			};
			name = Debug;
		};
		FA3AA98A268FA4C100733BAF /* Release */ = {
			isa = XCBuildConfiguration;
			buildSettings = {
				ALWAYS_EMBED_SWIFT_STANDARD_LIBRARIES = YES;
				CODE_SIGN_STYLE = Automatic;
				CURRENT_PROJECT_VERSION = 1;
				DEVELOPMENT_TEAM = 3M4QJ8P9BX;
				GENERATE_INFOPLIST_FILE = YES;
				LD_RUNPATH_SEARCH_PATHS = (
					"$(inherited)",
					"@executable_path/Frameworks",
					"@loader_path/Frameworks",
				);
				MARKETING_VERSION = 1.0;
				PRODUCT_BUNDLE_IDENTIFIER = com.gmvalentino.IosAppUITests;
				PRODUCT_NAME = "$(TARGET_NAME)";
				SWIFT_EMIT_LOC_STRINGS = NO;
				SWIFT_VERSION = 5.0;
				TARGETED_DEVICE_FAMILY = "1,2";
				TEST_TARGET_NAME = IosApp;
			};
			name = Release;
		};
/* End XCBuildConfiguration section */

/* Begin XCConfigurationList section */
		FA3AA95B268FA4BA00733BAF /* Build configuration list for PBXProject "IosApp" */ = {
			isa = XCConfigurationList;
			buildConfigurations = (
				FA3AA980268FA4C100733BAF /* Debug */,
				FA3AA981268FA4C100733BAF /* Release */,
			);
			defaultConfigurationIsVisible = 0;
			defaultConfigurationName = Release;
		};
		FA3AA982268FA4C100733BAF /* Build configuration list for PBXNativeTarget "IosApp" */ = {
			isa = XCConfigurationList;
			buildConfigurations = (
				FA3AA983268FA4C100733BAF /* Debug */,
				FA3AA984268FA4C100733BAF /* Release */,
			);
			defaultConfigurationIsVisible = 0;
			defaultConfigurationName = Release;
		};
		FA3AA985268FA4C100733BAF /* Build configuration list for PBXNativeTarget "IosAppTests" */ = {
			isa = XCConfigurationList;
			buildConfigurations = (
				FA3AA986268FA4C100733BAF /* Debug */,
				FA3AA987268FA4C100733BAF /* Release */,
			);
			defaultConfigurationIsVisible = 0;
			defaultConfigurationName = Release;
		};
		FA3AA988268FA4C100733BAF /* Build configuration list for PBXNativeTarget "IosAppUITests" */ = {
			isa = XCConfigurationList;
			buildConfigurations = (
				FA3AA989268FA4C100733BAF /* Debug */,
				FA3AA98A268FA4C100733BAF /* Release */,
			);
			defaultConfigurationIsVisible = 0;
			defaultConfigurationName = Release;
		};
/* End XCConfigurationList section */
	};
	rootObject = FA3AA958268FA4BA00733BAF /* Project object */;
}
