PODS:
  - iosmodule (0.0.1)

DEPENDENCIES:
  - iosmodule (from `../common/iosmodule`)

EXTERNAL SOURCES:
  iosmodule:
    :path: "../common/iosmodule"

SPEC CHECKSUMS:
  iosmodule: 39c1b4d55a19659476ca4bdd1a6c206084ded057

PODFILE CHECKSUM: 9cab76e3ff7c0778ca49d8463710811a6b6c5b0e

COCOAPODS: 1.10.1
